
Microsoft Visual Studio Solution File, Format Version 12.00
# Visual Studio 15
VisualStudioVersion = 15.0.27428.2043
MinimumVisualStudioVersion = 10.0.40219.1
Project("{8BC9CEB8-8B4A-11D0-8D11-00A0C91BC942}") = "Dehaze", "Dehaze\Dehaze.vcxproj", "{981D2E4B-2709-486D-A9C9-1C9A01679104}"
EndProject
Global
	GlobalSection(SolutionConfigurationPlatforms) = preSolution
		Debug|x64 = Debug|x64
		Debug|x86 = Debug|x86
		Release|x64 = Release|x64
		Release|x86 = Release|x86
	EndGlobalSection
	GlobalSection(ProjectConfigurationPlatforms) = postSolution
		{981D2E4B-2709-486D-A9C9-1C9A01679104}.Debug|x64.ActiveCfg = Debug|x64
		{981D2E4B-2709-486D-A9C9-1C9A01679104}.Debug|x64.Build.0 = Debug|x64
		{981D2E4B-2709-486D-A9C9-1C9A01679104}.Debug|x86.ActiveCfg = Debug|Win32
		{981D2E4B-2709-486D-A9C9-1C9A01679104}.Debug|x86.Build.0 = Debug|Win32
		{981D2E4B-2709-486D-A9C9-1C9A01679104}.Release|x64.ActiveCfg = Release|x64
		{981D2E4B-2709-486D-A9C9-1C9A01679104}.Release|x64.Build.0 = Release|x64
		{981D2E4B-2709-486D-A9C9-1C9A01679104}.Release|x86.ActiveCfg = Release|Win32
		{981D2E4B-2709-486D-A9C9-1C9A01679104}.Release|x86.Build.0 = Release|Win32
	EndGlobalSection
	GlobalSection(SolutionProperties) = preSolution
		HideSolutionNode = FALSE
	EndGlobalSection
	GlobalSection(ExtensibilityGlobals) = postSolution
		SolutionGuid = {4366C9C2-6C0A-44D5-9AF8-C883FF2D5A97}
	EndGlobalSection
EndGlobal
